
Microsoft Visual Studio Solution File, Format Version 12.00
# Visual Studio 14
VisualStudioVersion = 14.0.25420.1
MinimumVisualStudioVersion = 10.0.40219.1
Project("{FAE04EC0-301F-11D3-BF4B-00C04F79EFBC}") = "BasicDeclarationsAndExpressions", "BasicDeclarationsAndExpressions\BasicDeclarationsAndExpressions.csproj", "{E4B81117-7FEB-4DBC-AB64-4FFD7C40D016}"
EndProject
Project("{FAE04EC0-301F-11D3-BF4B-00C04F79EFBC}") = "SumOfFirst500Numbers_26", "SumOfFirst500Numbers_26\SumOfFirst500Numbers_26.csproj", "{46FD529A-7037-4842-98C7-B1BA44B71C82}"
EndProject
Project("{FAE04EC0-301F-11D3-BF4B-00C04F79EFBC}") = "ComputeTheSumOfTheDigit_27", "ComputeTheSumOfTheDigit_27\ComputeTheSumOfTheDigit_27.csproj", "{BC5E02E9-6D81-44A6-8587-588876B94266}"
EndProject
Project("{FAE04EC0-301F-11D3-BF4B-00C04F79EFBC}") = "ReverseTheWordsInSentence_28", "ReverseTheWordsInSentence_28\ReverseTheWordsInSentence_28.csproj", "{C27C3FED-F8BE-4DF7-860A-582CCEEC94B3}"
EndProject
Project("{FAE04EC0-301F-11D3-BF4B-00C04F79EFBC}") = "FindSizeInBytes_29", "FindSizeInBytes_29\FindSizeInBytes_29.csproj", "{A18C48DB-5EB0-4947-9766-B882A68CA378}"
EndProject
Project("{FAE04EC0-301F-11D3-BF4B-00C04F79EFBC}") = "ConvertHexadecimalNumberToDecimal_30", "ConvertHexadecimalNumberToDecimal_30\ConvertHexadecimalNumberToDecimal_30.csproj", "{522F4CC1-813E-4BFF-ADDA-28055EA6932A}"
EndProject
Project("{FAE04EC0-301F-11D3-BF4B-00C04F79EFBC}") = "MultiplyCorrespondingElementsOfTwoIntArrays_31", "MultiplyCorrespondingElementsOfTwoIntArrays_31\MultiplyCorrespondingElementsOfTwoIntArrays_31.csproj", "{CAB33859-83F0-4C7A-BD1C-AC4C399762DC}"
EndProject
Project("{FAE04EC0-301F-11D3-BF4B-00C04F79EFBC}") = "TakingLastFourCharactersFromGivenString_32", "TakingLastFourCharactersFromGivenString_32\TakingLastFourCharactersFromGivenString_32.csproj", "{1E041C45-7330-4F52-A2B8-3E620968737F}"
EndProject
Project("{FAE04EC0-301F-11D3-BF4B-00C04F79EFBC}") = "CheckGivenPositiveNumIsMultiple3Or7_33", "CheckGivenPositiveNumIsMultiple3Or7_33\CheckGivenPositiveNumIsMultiple3Or7_33.csproj", "{3AD00E00-EE9F-40EF-9E82-3F8D6F6BF14B}"
EndProject
Project("{FAE04EC0-301F-11D3-BF4B-00C04F79EFBC}") = "StringStartsWithSpecifiedWord_34", "StringStartsWithSpecifiedWord_34\StringStartsWithSpecifiedWord_34.csproj", "{979294AD-A431-49CA-BB90-C40DF3E3EF87}"
EndProject
Project("{FAE04EC0-301F-11D3-BF4B-00C04F79EFBC}") = "CheckTwoGivenNumbers_35", "CheckTwoGivenNumbers_35\CheckTwoGivenNumbers_35.csproj", "{563247B3-3195-438C-906D-4F98361CA78B}"
EndProject
Project("{FAE04EC0-301F-11D3-BF4B-00C04F79EFBC}") = "СheckIsIntegerisInTheRange_36", "СheckIsIntegerisInTheRange_36\СheckIsIntegerisInTheRange_36.csproj", "{4339A65C-9E99-4C5B-84F2-F9F690552B89}"
EndProject
Project("{FAE04EC0-301F-11D3-BF4B-00C04F79EFBC}") = "ReturnsStringWithoutLetters_37", "ReturnsStringWithoutLetters_37\ReturnsStringWithoutLetters_37.csproj", "{4205FA2B-0F1E-4016-ACB4-422700A01D54}"
EndProject
Project("{FAE04EC0-301F-11D3-BF4B-00C04F79EFBC}") = "GetNewStringOfTwoCharactersFromGivenString_38", "GetNewStringOfTwoCharactersFromGivenString_38\GetNewStringOfTwoCharactersFromGivenString_38.csproj", "{44D68059-3535-4AF7-9694-1FB7A1FB12E8}"
EndProject
Project("{FAE04EC0-301F-11D3-BF4B-00C04F79EFBC}") = "FindTheLargestAndLowestValuesFromThreeInt_39", "FindTheLargestAndLowestValuesFromThreeInt_39\FindTheLargestAndLowestValuesFromThreeInt_39.csproj", "{907DDD8E-04AC-4501-9400-AD22EA1A7CA8}"
EndProject
Project("{FAE04EC0-301F-11D3-BF4B-00C04F79EFBC}") = "CheckTheNearestValue20TwoGivenIntegers_40", "CheckTheNearestValue20TwoGivenIntegers_40\CheckTheNearestValue20TwoGivenIntegers_40.csproj", "{DF460727-67FE-4280-8372-0BBFD4A100F1}"
EndProject
Project("{FAE04EC0-301F-11D3-BF4B-00C04F79EFBC}") = "GivenStringContains‘w’Character_41", "GivenStringContains‘w’Character_41\GivenStringContains‘w’Character_41.csproj", "{F844C894-14AF-46D6-B1D1-66F562AA15C5}"
EndProject
Project("{FAE04EC0-301F-11D3-BF4B-00C04F79EFBC}") = "First4CharIsLowerCase_42", "First4CharIsLowerCase_42\First4CharIsLowerCase_42.csproj", "{31364ACA-AA34-48A0-9B19-66735E5BD003}"
EndProject
Global
	GlobalSection(SolutionConfigurationPlatforms) = preSolution
		Debug|Any CPU = Debug|Any CPU
		Release|Any CPU = Release|Any CPU
	EndGlobalSection
	GlobalSection(ProjectConfigurationPlatforms) = postSolution
		{E4B81117-7FEB-4DBC-AB64-4FFD7C40D016}.Debug|Any CPU.ActiveCfg = Debug|Any CPU
		{E4B81117-7FEB-4DBC-AB64-4FFD7C40D016}.Debug|Any CPU.Build.0 = Debug|Any CPU
		{E4B81117-7FEB-4DBC-AB64-4FFD7C40D016}.Release|Any CPU.ActiveCfg = Release|Any CPU
		{E4B81117-7FEB-4DBC-AB64-4FFD7C40D016}.Release|Any CPU.Build.0 = Release|Any CPU
		{46FD529A-7037-4842-98C7-B1BA44B71C82}.Debug|Any CPU.ActiveCfg = Debug|Any CPU
		{46FD529A-7037-4842-98C7-B1BA44B71C82}.Debug|Any CPU.Build.0 = Debug|Any CPU
		{46FD529A-7037-4842-98C7-B1BA44B71C82}.Release|Any CPU.ActiveCfg = Release|Any CPU
		{46FD529A-7037-4842-98C7-B1BA44B71C82}.Release|Any CPU.Build.0 = Release|Any CPU
		{BC5E02E9-6D81-44A6-8587-588876B94266}.Debug|Any CPU.ActiveCfg = Debug|Any CPU
		{BC5E02E9-6D81-44A6-8587-588876B94266}.Debug|Any CPU.Build.0 = Debug|Any CPU
		{BC5E02E9-6D81-44A6-8587-588876B94266}.Release|Any CPU.ActiveCfg = Release|Any CPU
		{BC5E02E9-6D81-44A6-8587-588876B94266}.Release|Any CPU.Build.0 = Release|Any CPU
		{C27C3FED-F8BE-4DF7-860A-582CCEEC94B3}.Debug|Any CPU.ActiveCfg = Debug|Any CPU
		{C27C3FED-F8BE-4DF7-860A-582CCEEC94B3}.Debug|Any CPU.Build.0 = Debug|Any CPU
		{C27C3FED-F8BE-4DF7-860A-582CCEEC94B3}.Release|Any CPU.ActiveCfg = Release|Any CPU
		{C27C3FED-F8BE-4DF7-860A-582CCEEC94B3}.Release|Any CPU.Build.0 = Release|Any CPU
		{A18C48DB-5EB0-4947-9766-B882A68CA378}.Debug|Any CPU.ActiveCfg = Debug|Any CPU
		{A18C48DB-5EB0-4947-9766-B882A68CA378}.Debug|Any CPU.Build.0 = Debug|Any CPU
		{A18C48DB-5EB0-4947-9766-B882A68CA378}.Release|Any CPU.ActiveCfg = Release|Any CPU
		{A18C48DB-5EB0-4947-9766-B882A68CA378}.Release|Any CPU.Build.0 = Release|Any CPU
		{522F4CC1-813E-4BFF-ADDA-28055EA6932A}.Debug|Any CPU.ActiveCfg = Debug|Any CPU
		{522F4CC1-813E-4BFF-ADDA-28055EA6932A}.Debug|Any CPU.Build.0 = Debug|Any CPU
		{522F4CC1-813E-4BFF-ADDA-28055EA6932A}.Release|Any CPU.ActiveCfg = Release|Any CPU
		{522F4CC1-813E-4BFF-ADDA-28055EA6932A}.Release|Any CPU.Build.0 = Release|Any CPU
		{CAB33859-83F0-4C7A-BD1C-AC4C399762DC}.Debug|Any CPU.ActiveCfg = Debug|Any CPU
		{CAB33859-83F0-4C7A-BD1C-AC4C399762DC}.Debug|Any CPU.Build.0 = Debug|Any CPU
		{CAB33859-83F0-4C7A-BD1C-AC4C399762DC}.Release|Any CPU.ActiveCfg = Release|Any CPU
		{CAB33859-83F0-4C7A-BD1C-AC4C399762DC}.Release|Any CPU.Build.0 = Release|Any CPU
		{1E041C45-7330-4F52-A2B8-3E620968737F}.Debug|Any CPU.ActiveCfg = Debug|Any CPU
		{1E041C45-7330-4F52-A2B8-3E620968737F}.Debug|Any CPU.Build.0 = Debug|Any CPU
		{1E041C45-7330-4F52-A2B8-3E620968737F}.Release|Any CPU.ActiveCfg = Release|Any CPU
		{1E041C45-7330-4F52-A2B8-3E620968737F}.Release|Any CPU.Build.0 = Release|Any CPU
		{3AD00E00-EE9F-40EF-9E82-3F8D6F6BF14B}.Debug|Any CPU.ActiveCfg = Debug|Any CPU
		{3AD00E00-EE9F-40EF-9E82-3F8D6F6BF14B}.Debug|Any CPU.Build.0 = Debug|Any CPU
		{3AD00E00-EE9F-40EF-9E82-3F8D6F6BF14B}.Release|Any CPU.ActiveCfg = Release|Any CPU
		{3AD00E00-EE9F-40EF-9E82-3F8D6F6BF14B}.Release|Any CPU.Build.0 = Release|Any CPU
		{979294AD-A431-49CA-BB90-C40DF3E3EF87}.Debug|Any CPU.ActiveCfg = Debug|Any CPU
		{979294AD-A431-49CA-BB90-C40DF3E3EF87}.Debug|Any CPU.Build.0 = Debug|Any CPU
		{979294AD-A431-49CA-BB90-C40DF3E3EF87}.Release|Any CPU.ActiveCfg = Release|Any CPU
		{979294AD-A431-49CA-BB90-C40DF3E3EF87}.Release|Any CPU.Build.0 = Release|Any CPU
		{563247B3-3195-438C-906D-4F98361CA78B}.Debug|Any CPU.ActiveCfg = Debug|Any CPU
		{563247B3-3195-438C-906D-4F98361CA78B}.Debug|Any CPU.Build.0 = Debug|Any CPU
		{563247B3-3195-438C-906D-4F98361CA78B}.Release|Any CPU.ActiveCfg = Release|Any CPU
		{563247B3-3195-438C-906D-4F98361CA78B}.Release|Any CPU.Build.0 = Release|Any CPU
		{4339A65C-9E99-4C5B-84F2-F9F690552B89}.Debug|Any CPU.ActiveCfg = Debug|Any CPU
		{4339A65C-9E99-4C5B-84F2-F9F690552B89}.Debug|Any CPU.Build.0 = Debug|Any CPU
		{4339A65C-9E99-4C5B-84F2-F9F690552B89}.Release|Any CPU.ActiveCfg = Release|Any CPU
		{4339A65C-9E99-4C5B-84F2-F9F690552B89}.Release|Any CPU.Build.0 = Release|Any CPU
		{4205FA2B-0F1E-4016-ACB4-422700A01D54}.Debug|Any CPU.ActiveCfg = Debug|Any CPU
		{4205FA2B-0F1E-4016-ACB4-422700A01D54}.Debug|Any CPU.Build.0 = Debug|Any CPU
		{4205FA2B-0F1E-4016-ACB4-422700A01D54}.Release|Any CPU.ActiveCfg = Release|Any CPU
		{4205FA2B-0F1E-4016-ACB4-422700A01D54}.Release|Any CPU.Build.0 = Release|Any CPU
		{44D68059-3535-4AF7-9694-1FB7A1FB12E8}.Debug|Any CPU.ActiveCfg = Debug|Any CPU
		{44D68059-3535-4AF7-9694-1FB7A1FB12E8}.Debug|Any CPU.Build.0 = Debug|Any CPU
		{44D68059-3535-4AF7-9694-1FB7A1FB12E8}.Release|Any CPU.ActiveCfg = Release|Any CPU
		{44D68059-3535-4AF7-9694-1FB7A1FB12E8}.Release|Any CPU.Build.0 = Release|Any CPU
		{907DDD8E-04AC-4501-9400-AD22EA1A7CA8}.Debug|Any CPU.ActiveCfg = Debug|Any CPU
		{907DDD8E-04AC-4501-9400-AD22EA1A7CA8}.Debug|Any CPU.Build.0 = Debug|Any CPU
		{907DDD8E-04AC-4501-9400-AD22EA1A7CA8}.Release|Any CPU.ActiveCfg = Release|Any CPU
		{907DDD8E-04AC-4501-9400-AD22EA1A7CA8}.Release|Any CPU.Build.0 = Release|Any CPU
		{DF460727-67FE-4280-8372-0BBFD4A100F1}.Debug|Any CPU.ActiveCfg = Debug|Any CPU
		{DF460727-67FE-4280-8372-0BBFD4A100F1}.Debug|Any CPU.Build.0 = Debug|Any CPU
		{DF460727-67FE-4280-8372-0BBFD4A100F1}.Release|Any CPU.ActiveCfg = Release|Any CPU
		{DF460727-67FE-4280-8372-0BBFD4A100F1}.Release|Any CPU.Build.0 = Release|Any CPU
		{F844C894-14AF-46D6-B1D1-66F562AA15C5}.Debug|Any CPU.ActiveCfg = Debug|Any CPU
		{F844C894-14AF-46D6-B1D1-66F562AA15C5}.Debug|Any CPU.Build.0 = Debug|Any CPU
		{F844C894-14AF-46D6-B1D1-66F562AA15C5}.Release|Any CPU.ActiveCfg = Release|Any CPU
		{F844C894-14AF-46D6-B1D1-66F562AA15C5}.Release|Any CPU.Build.0 = Release|Any CPU
		{31364ACA-AA34-48A0-9B19-66735E5BD003}.Debug|Any CPU.ActiveCfg = Debug|Any CPU
		{31364ACA-AA34-48A0-9B19-66735E5BD003}.Debug|Any CPU.Build.0 = Debug|Any CPU
		{31364ACA-AA34-48A0-9B19-66735E5BD003}.Release|Any CPU.ActiveCfg = Release|Any CPU
		{31364ACA-AA34-48A0-9B19-66735E5BD003}.Release|Any CPU.Build.0 = Release|Any CPU
	EndGlobalSection
	GlobalSection(SolutionProperties) = preSolution
		HideSolutionNode = FALSE
	EndGlobalSection
EndGlobal
